
Microsoft Visual Studio Solution File, Format Version 12.00
# Visual Studio Version 16
VisualStudioVersion = 16.0.30907.101
MinimumVisualStudioVersion = 10.0.40219.1
Project("{FAE04EC0-301F-11D3-BF4B-00C04F79EFBC}") = "ServiceDiscovery", "ServiceDiscovery\ServiceDiscovery.csproj", "{6F9D6C62-169D-492D-97A8-6AD0C7E1E9DD}"
EndProject
Project("{2150E333-8FDC-42A3-9474-1A3956D46DE8}") = "Solutions Items", "Solutions Items", "{AE2BE79B-5B72-4CB3-BA52-3B601549ADB5}"
	ProjectSection(SolutionItems) = preProject
		.gitattributes = .gitattributes
		.gitignore = .gitignore
		readme.md = readme.md
	EndProjectSection
EndProject
Project("{FAE04EC0-301F-11D3-BF4B-00C04F79EFBC}") = "ServiceDiscoveryWebApi", "ServiceDiscoveryWebApi\ServiceDiscoveryWebApi.csproj", "{90A6F372-5B52-4600-9FEC-6FF042F3C0F9}"
EndProject
Global
	GlobalSection(SolutionConfigurationPlatforms) = preSolution
		Debug|Any CPU = Debug|Any CPU
		Release|Any CPU = Release|Any CPU
	EndGlobalSection
	GlobalSection(ProjectConfigurationPlatforms) = postSolution
		{6F9D6C62-169D-492D-97A8-6AD0C7E1E9DD}.Debug|Any CPU.ActiveCfg = Debug|Any CPU
		{6F9D6C62-169D-492D-97A8-6AD0C7E1E9DD}.Debug|Any CPU.Build.0 = Debug|Any CPU
		{6F9D6C62-169D-492D-97A8-6AD0C7E1E9DD}.Release|Any CPU.ActiveCfg = Release|Any CPU
		{6F9D6C62-169D-492D-97A8-6AD0C7E1E9DD}.Release|Any CPU.Build.0 = Release|Any CPU
		{90A6F372-5B52-4600-9FEC-6FF042F3C0F9}.Debug|Any CPU.ActiveCfg = Debug|Any CPU
		{90A6F372-5B52-4600-9FEC-6FF042F3C0F9}.Debug|Any CPU.Build.0 = Debug|Any CPU
		{90A6F372-5B52-4600-9FEC-6FF042F3C0F9}.Release|Any CPU.ActiveCfg = Release|Any CPU
		{90A6F372-5B52-4600-9FEC-6FF042F3C0F9}.Release|Any CPU.Build.0 = Release|Any CPU
	EndGlobalSection
	GlobalSection(SolutionProperties) = preSolution
		HideSolutionNode = FALSE
	EndGlobalSection
	GlobalSection(ExtensibilityGlobals) = postSolution
		SolutionGuid = {F850FFD9-56B5-4CE7-A214-F0456CD81B1A}
	EndGlobalSection
EndGlobal
